
Microsoft Visual Studio Solution File, Format Version 12.00
Project("{2150E333-8FDC-42A3-9474-1A3956D46DE8}") = "Services", "Services", "{645555D2-9050-401D-8623-4B9E9D4BBBCF}"
EndProject
Project("{2150E333-8FDC-42A3-9474-1A3956D46DE8}") = "WebApps", "WebApps", "{91E6398C-952D-4ADE-99B9-CA87B75B4923}"
EndProject
Project("{2150E333-8FDC-42A3-9474-1A3956D46DE8}") = "Cadastros", "Cadastros", "{59242978-75C3-4B86-8979-6A9AF4E2C2E7}"
EndProject
Project("{2150E333-8FDC-42A3-9474-1A3956D46DE8}") = "Catalogo", "Catalogo", "{96ADA107-5F1B-4EFD-ADFB-B24F804365E4}"
EndProject
Project("{2150E333-8FDC-42A3-9474-1A3956D46DE8}") = "Core", "Core", "{97E718EB-067E-4B66-9221-CCC74908D5FA}"
EndProject
Project("{2150E333-8FDC-42A3-9474-1A3956D46DE8}") = "Fiscal", "Fiscal", "{7C23AB9F-131C-41A2-ACA7-67F5BC1498DF}"
EndProject
Project("{2150E333-8FDC-42A3-9474-1A3956D46DE8}") = "Pagamentos", "Pagamentos", "{3EC7CDA6-37AD-47D5-BA59-F1242E99C584}"
EndProject
Project("{2150E333-8FDC-42A3-9474-1A3956D46DE8}") = "Vendas", "Vendas", "{E1CF63E7-D091-417A-A800-ABC663DC2961}"
EndProject
Project("{FAE04EC0-301F-11D3-BF4B-00C04F79EFBC}") = "NerdStore.Catalogo.Domain", "src\NerdStore.Catalogo.Domain\NerdStore.Catalogo.Domain.csproj", "{360AF7EE-8695-46F3-B6E4-6D8381C9D51B}"
EndProject
Project("{FAE04EC0-301F-11D3-BF4B-00C04F79EFBC}") = "NerdStore.Core", "src\NerdStore.Core\NerdStore.Core.csproj", "{8D433BD0-3A92-446A-8DBD-B299E6BDFCD5}"
EndProject
Project("{2150E333-8FDC-42A3-9474-1A3956D46DE8}") = "Tests", "Tests", "{879DE2BD-6988-44E8-BCA9-C1A694E01D5F}"
EndProject
Project("{FAE04EC0-301F-11D3-BF4B-00C04F79EFBC}") = "NerdStore.Catalogo.Domain.Tests", "tests\NerdStore.Catalogo.Domain.Tests\NerdStore.Catalogo.Domain.Tests.csproj", "{EC72FFBA-B1E1-497E-B28A-E4D9D1B07AF6}"
EndProject
Project("{FAE04EC0-301F-11D3-BF4B-00C04F79EFBC}") = "NerdStore.Catalogo.Data", "src\NerdStore.Catalogo.Data\NerdStore.Catalogo.Data.csproj", "{F4C92D8A-12D2-4711-9DFB-96FAF1829930}"
EndProject
Project("{FAE04EC0-301F-11D3-BF4B-00C04F79EFBC}") = "NerdStore.Catalogo.Application", "src\NerdStore.Catalogo.Application\NerdStore.Catalogo.Application.csproj", "{4964F009-FD27-4AB6-B2B1-AC5413A5032C}"
EndProject
Project("{FAE04EC0-301F-11D3-BF4B-00C04F79EFBC}") = "NerdStore.Catalogo.WebApp.MVC", "src\NerdStore.Catalogo.WebApp.MVC\NerdStore.Catalogo.WebApp.MVC.csproj", "{3B09A378-24BF-4437-ACB7-771BDBCAFEF4}"
EndProject
Project("{FAE04EC0-301F-11D3-BF4B-00C04F79EFBC}") = "NerdStore.Vendas.Application", "src\NerdStore.Vendas.Application\NerdStore.Vendas.Application.csproj", "{3DBC0037-99B1-47C9-A490-1F9163259737}"
EndProject
Project("{FAE04EC0-301F-11D3-BF4B-00C04F79EFBC}") = "NerdStore.Vendas.Data", "src\NerdStore.Vendas.Data\NerdStore.Vendas.Data.csproj", "{3EC38965-0C92-4DAB-8A57-F432343DB23F}"
EndProject
Project("{FAE04EC0-301F-11D3-BF4B-00C04F79EFBC}") = "NerdStore.Vendas.Domain", "src\NerdStore.Vendas.Domain\NerdStore.Vendas.Domain.csproj", "{71334906-2A5C-4F5A-A70E-93D57A10E049}"
EndProject
Project("{FAE04EC0-301F-11D3-BF4B-00C04F79EFBC}") = "NerdStore.Pagamentos.AntiCorruption", "src\NerdStore.Pagamentos.AntiCorruption\NerdStore.Pagamentos.AntiCorruption.csproj", "{547B00F6-96E9-4E82-BAD6-760CAB771A1F}"
EndProject
Project("{FAE04EC0-301F-11D3-BF4B-00C04F79EFBC}") = "NerdStore.Pagamentos.Business", "src\NerdStore.Pagamentos.Business\NerdStore.Pagamentos.Business.csproj", "{B8B402A4-6303-4257-8C6E-6D69C8400DD4}"
EndProject
Project("{FAE04EC0-301F-11D3-BF4B-00C04F79EFBC}") = "NerdStore.Pagamentos.Data", "src\NerdStore.Pagamentos.Data\NerdStore.Pagamentos.Data.csproj", "{D3A162D3-1A64-48F9-91A7-C463AB777669}"
EndProject
Project("{2150E333-8FDC-42A3-9474-1A3956D46DE8}") = "BuildingBlocks", "BuildingBlocks", "{8E521247-D1BE-4E32-A6CF-B2EBFFAD2A28}"
EndProject
Project("{FAE04EC0-301F-11D3-BF4B-00C04F79EFBC}") = "EventSourcing", "src\EventSourcing\EventSourcing.csproj", "{722B0084-A418-42BF-9FE0-BA64F076C2BD}"
EndProject
Global
	GlobalSection(SolutionConfigurationPlatforms) = preSolution
		Debug|Any CPU = Debug|Any CPU
		Release|Any CPU = Release|Any CPU
	EndGlobalSection
	GlobalSection(NestedProjects) = preSolution
		{59242978-75C3-4B86-8979-6A9AF4E2C2E7} = {645555D2-9050-401D-8623-4B9E9D4BBBCF}
		{96ADA107-5F1B-4EFD-ADFB-B24F804365E4} = {645555D2-9050-401D-8623-4B9E9D4BBBCF}
		{97E718EB-067E-4B66-9221-CCC74908D5FA} = {645555D2-9050-401D-8623-4B9E9D4BBBCF}
		{7C23AB9F-131C-41A2-ACA7-67F5BC1498DF} = {645555D2-9050-401D-8623-4B9E9D4BBBCF}
		{3EC7CDA6-37AD-47D5-BA59-F1242E99C584} = {645555D2-9050-401D-8623-4B9E9D4BBBCF}
		{E1CF63E7-D091-417A-A800-ABC663DC2961} = {645555D2-9050-401D-8623-4B9E9D4BBBCF}
		{360AF7EE-8695-46F3-B6E4-6D8381C9D51B} = {96ADA107-5F1B-4EFD-ADFB-B24F804365E4}
		{8D433BD0-3A92-446A-8DBD-B299E6BDFCD5} = {97E718EB-067E-4B66-9221-CCC74908D5FA}
		{879DE2BD-6988-44E8-BCA9-C1A694E01D5F} = {96ADA107-5F1B-4EFD-ADFB-B24F804365E4}
		{EC72FFBA-B1E1-497E-B28A-E4D9D1B07AF6} = {879DE2BD-6988-44E8-BCA9-C1A694E01D5F}
		{F4C92D8A-12D2-4711-9DFB-96FAF1829930} = {96ADA107-5F1B-4EFD-ADFB-B24F804365E4}
		{4964F009-FD27-4AB6-B2B1-AC5413A5032C} = {96ADA107-5F1B-4EFD-ADFB-B24F804365E4}
		{3B09A378-24BF-4437-ACB7-771BDBCAFEF4} = {91E6398C-952D-4ADE-99B9-CA87B75B4923}
		{3DBC0037-99B1-47C9-A490-1F9163259737} = {E1CF63E7-D091-417A-A800-ABC663DC2961}
		{3EC38965-0C92-4DAB-8A57-F432343DB23F} = {E1CF63E7-D091-417A-A800-ABC663DC2961}
		{71334906-2A5C-4F5A-A70E-93D57A10E049} = {E1CF63E7-D091-417A-A800-ABC663DC2961}
		{547B00F6-96E9-4E82-BAD6-760CAB771A1F} = {3EC7CDA6-37AD-47D5-BA59-F1242E99C584}
		{B8B402A4-6303-4257-8C6E-6D69C8400DD4} = {3EC7CDA6-37AD-47D5-BA59-F1242E99C584}
		{D3A162D3-1A64-48F9-91A7-C463AB777669} = {3EC7CDA6-37AD-47D5-BA59-F1242E99C584}
		{722B0084-A418-42BF-9FE0-BA64F076C2BD} = {8E521247-D1BE-4E32-A6CF-B2EBFFAD2A28}
	EndGlobalSection
	GlobalSection(ProjectConfigurationPlatforms) = postSolution
		{360AF7EE-8695-46F3-B6E4-6D8381C9D51B}.Debug|Any CPU.ActiveCfg = Debug|Any CPU
		{360AF7EE-8695-46F3-B6E4-6D8381C9D51B}.Debug|Any CPU.Build.0 = Debug|Any CPU
		{360AF7EE-8695-46F3-B6E4-6D8381C9D51B}.Release|Any CPU.ActiveCfg = Release|Any CPU
		{360AF7EE-8695-46F3-B6E4-6D8381C9D51B}.Release|Any CPU.Build.0 = Release|Any CPU
		{8D433BD0-3A92-446A-8DBD-B299E6BDFCD5}.Debug|Any CPU.ActiveCfg = Debug|Any CPU
		{8D433BD0-3A92-446A-8DBD-B299E6BDFCD5}.Debug|Any CPU.Build.0 = Debug|Any CPU
		{8D433BD0-3A92-446A-8DBD-B299E6BDFCD5}.Release|Any CPU.ActiveCfg = Release|Any CPU
		{8D433BD0-3A92-446A-8DBD-B299E6BDFCD5}.Release|Any CPU.Build.0 = Release|Any CPU
		{EC72FFBA-B1E1-497E-B28A-E4D9D1B07AF6}.Debug|Any CPU.ActiveCfg = Debug|Any CPU
		{EC72FFBA-B1E1-497E-B28A-E4D9D1B07AF6}.Debug|Any CPU.Build.0 = Debug|Any CPU
		{EC72FFBA-B1E1-497E-B28A-E4D9D1B07AF6}.Release|Any CPU.ActiveCfg = Release|Any CPU
		{EC72FFBA-B1E1-497E-B28A-E4D9D1B07AF6}.Release|Any CPU.Build.0 = Release|Any CPU
		{F4C92D8A-12D2-4711-9DFB-96FAF1829930}.Debug|Any CPU.ActiveCfg = Debug|Any CPU
		{F4C92D8A-12D2-4711-9DFB-96FAF1829930}.Debug|Any CPU.Build.0 = Debug|Any CPU
		{F4C92D8A-12D2-4711-9DFB-96FAF1829930}.Release|Any CPU.ActiveCfg = Release|Any CPU
		{F4C92D8A-12D2-4711-9DFB-96FAF1829930}.Release|Any CPU.Build.0 = Release|Any CPU
		{4964F009-FD27-4AB6-B2B1-AC5413A5032C}.Debug|Any CPU.ActiveCfg = Debug|Any CPU
		{4964F009-FD27-4AB6-B2B1-AC5413A5032C}.Debug|Any CPU.Build.0 = Debug|Any CPU
		{4964F009-FD27-4AB6-B2B1-AC5413A5032C}.Release|Any CPU.ActiveCfg = Release|Any CPU
		{4964F009-FD27-4AB6-B2B1-AC5413A5032C}.Release|Any CPU.Build.0 = Release|Any CPU
		{3B09A378-24BF-4437-ACB7-771BDBCAFEF4}.Debug|Any CPU.ActiveCfg = Debug|Any CPU
		{3B09A378-24BF-4437-ACB7-771BDBCAFEF4}.Debug|Any CPU.Build.0 = Debug|Any CPU
		{3B09A378-24BF-4437-ACB7-771BDBCAFEF4}.Release|Any CPU.ActiveCfg = Release|Any CPU
		{3B09A378-24BF-4437-ACB7-771BDBCAFEF4}.Release|Any CPU.Build.0 = Release|Any CPU
		{3DBC0037-99B1-47C9-A490-1F9163259737}.Debug|Any CPU.ActiveCfg = Debug|Any CPU
		{3DBC0037-99B1-47C9-A490-1F9163259737}.Debug|Any CPU.Build.0 = Debug|Any CPU
		{3DBC0037-99B1-47C9-A490-1F9163259737}.Release|Any CPU.ActiveCfg = Release|Any CPU
		{3DBC0037-99B1-47C9-A490-1F9163259737}.Release|Any CPU.Build.0 = Release|Any CPU
		{3EC38965-0C92-4DAB-8A57-F432343DB23F}.Debug|Any CPU.ActiveCfg = Debug|Any CPU
		{3EC38965-0C92-4DAB-8A57-F432343DB23F}.Debug|Any CPU.Build.0 = Debug|Any CPU
		{3EC38965-0C92-4DAB-8A57-F432343DB23F}.Release|Any CPU.ActiveCfg = Release|Any CPU
		{3EC38965-0C92-4DAB-8A57-F432343DB23F}.Release|Any CPU.Build.0 = Release|Any CPU
		{71334906-2A5C-4F5A-A70E-93D57A10E049}.Debug|Any CPU.ActiveCfg = Debug|Any CPU
		{71334906-2A5C-4F5A-A70E-93D57A10E049}.Debug|Any CPU.Build.0 = Debug|Any CPU
		{71334906-2A5C-4F5A-A70E-93D57A10E049}.Release|Any CPU.ActiveCfg = Release|Any CPU
		{71334906-2A5C-4F5A-A70E-93D57A10E049}.Release|Any CPU.Build.0 = Release|Any CPU
		{547B00F6-96E9-4E82-BAD6-760CAB771A1F}.Debug|Any CPU.ActiveCfg = Debug|Any CPU
		{547B00F6-96E9-4E82-BAD6-760CAB771A1F}.Debug|Any CPU.Build.0 = Debug|Any CPU
		{547B00F6-96E9-4E82-BAD6-760CAB771A1F}.Release|Any CPU.ActiveCfg = Release|Any CPU
		{547B00F6-96E9-4E82-BAD6-760CAB771A1F}.Release|Any CPU.Build.0 = Release|Any CPU
		{B8B402A4-6303-4257-8C6E-6D69C8400DD4}.Debug|Any CPU.ActiveCfg = Debug|Any CPU
		{B8B402A4-6303-4257-8C6E-6D69C8400DD4}.Debug|Any CPU.Build.0 = Debug|Any CPU
		{B8B402A4-6303-4257-8C6E-6D69C8400DD4}.Release|Any CPU.ActiveCfg = Release|Any CPU
		{B8B402A4-6303-4257-8C6E-6D69C8400DD4}.Release|Any CPU.Build.0 = Release|Any CPU
		{D3A162D3-1A64-48F9-91A7-C463AB777669}.Debug|Any CPU.ActiveCfg = Debug|Any CPU
		{D3A162D3-1A64-48F9-91A7-C463AB777669}.Debug|Any CPU.Build.0 = Debug|Any CPU
		{D3A162D3-1A64-48F9-91A7-C463AB777669}.Release|Any CPU.ActiveCfg = Release|Any CPU
		{D3A162D3-1A64-48F9-91A7-C463AB777669}.Release|Any CPU.Build.0 = Release|Any CPU
		{722B0084-A418-42BF-9FE0-BA64F076C2BD}.Debug|Any CPU.ActiveCfg = Debug|Any CPU
		{722B0084-A418-42BF-9FE0-BA64F076C2BD}.Debug|Any CPU.Build.0 = Debug|Any CPU
		{722B0084-A418-42BF-9FE0-BA64F076C2BD}.Release|Any CPU.ActiveCfg = Release|Any CPU
		{722B0084-A418-42BF-9FE0-BA64F076C2BD}.Release|Any CPU.Build.0 = Release|Any CPU
	EndGlobalSection
EndGlobal
