
Microsoft Visual Studio Solution File, Format Version 12.00
Project("{2150E333-8FDC-42A3-9474-1A3956D46DE8}") = "Services", "Services", "{645555D2-9050-401D-8623-4B9E9D4BBBCF}"
EndProject
Project("{2150E333-8FDC-42A3-9474-1A3956D46DE8}") = "WebApps", "WebApps", "{91E6398C-952D-4ADE-99B9-CA87B75B4923}"
EndProject
Project("{2150E333-8FDC-42A3-9474-1A3956D46DE8}") = "Cadastros", "Cadastros", "{59242978-75C3-4B86-8979-6A9AF4E2C2E7}"
EndProject
Project("{2150E333-8FDC-42A3-9474-1A3956D46DE8}") = "Catalogo", "Catalogo", "{96ADA107-5F1B-4EFD-ADFB-B24F804365E4}"
EndProject
Project("{2150E333-8FDC-42A3-9474-1A3956D46DE8}") = "Core", "Core", "{97E718EB-067E-4B66-9221-CCC74908D5FA}"
EndProject
Project("{2150E333-8FDC-42A3-9474-1A3956D46DE8}") = "Fiscal", "Fiscal", "{7C23AB9F-131C-41A2-ACA7-67F5BC1498DF}"
EndProject
Project("{2150E333-8FDC-42A3-9474-1A3956D46DE8}") = "Pagamentos", "Pagamentos", "{3EC7CDA6-37AD-47D5-BA59-F1242E99C584}"
EndProject
Project("{2150E333-8FDC-42A3-9474-1A3956D46DE8}") = "Vendas", "Vendas", "{E1CF63E7-D091-417A-A800-ABC663DC2961}"
EndProject
Project("{FAE04EC0-301F-11D3-BF4B-00C04F79EFBC}") = "NerdStore.Catalogo.Domain", "src\NerdStore.Catalogo.Domain\NerdStore.Catalogo.Domain.csproj", "{360AF7EE-8695-46F3-B6E4-6D8381C9D51B}"
EndProject
Project("{FAE04EC0-301F-11D3-BF4B-00C04F79EFBC}") = "NerdStore.Core", "src\NerdStore.Core\NerdStore.Core.csproj", "{8D433BD0-3A92-446A-8DBD-B299E6BDFCD5}"
EndProject
Global
	GlobalSection(SolutionConfigurationPlatforms) = preSolution
		Debug|Any CPU = Debug|Any CPU
		Release|Any CPU = Release|Any CPU
	EndGlobalSection
	GlobalSection(NestedProjects) = preSolution
		{59242978-75C3-4B86-8979-6A9AF4E2C2E7} = {645555D2-9050-401D-8623-4B9E9D4BBBCF}
		{96ADA107-5F1B-4EFD-ADFB-B24F804365E4} = {645555D2-9050-401D-8623-4B9E9D4BBBCF}
		{97E718EB-067E-4B66-9221-CCC74908D5FA} = {645555D2-9050-401D-8623-4B9E9D4BBBCF}
		{7C23AB9F-131C-41A2-ACA7-67F5BC1498DF} = {645555D2-9050-401D-8623-4B9E9D4BBBCF}
		{3EC7CDA6-37AD-47D5-BA59-F1242E99C584} = {645555D2-9050-401D-8623-4B9E9D4BBBCF}
		{E1CF63E7-D091-417A-A800-ABC663DC2961} = {645555D2-9050-401D-8623-4B9E9D4BBBCF}
		{360AF7EE-8695-46F3-B6E4-6D8381C9D51B} = {96ADA107-5F1B-4EFD-ADFB-B24F804365E4}
		{8D433BD0-3A92-446A-8DBD-B299E6BDFCD5} = {97E718EB-067E-4B66-9221-CCC74908D5FA}
	EndGlobalSection
	GlobalSection(ProjectConfigurationPlatforms) = postSolution
		{360AF7EE-8695-46F3-B6E4-6D8381C9D51B}.Debug|Any CPU.ActiveCfg = Debug|Any CPU
		{360AF7EE-8695-46F3-B6E4-6D8381C9D51B}.Debug|Any CPU.Build.0 = Debug|Any CPU
		{360AF7EE-8695-46F3-B6E4-6D8381C9D51B}.Release|Any CPU.ActiveCfg = Release|Any CPU
		{360AF7EE-8695-46F3-B6E4-6D8381C9D51B}.Release|Any CPU.Build.0 = Release|Any CPU
		{8D433BD0-3A92-446A-8DBD-B299E6BDFCD5}.Debug|Any CPU.ActiveCfg = Debug|Any CPU
		{8D433BD0-3A92-446A-8DBD-B299E6BDFCD5}.Debug|Any CPU.Build.0 = Debug|Any CPU
		{8D433BD0-3A92-446A-8DBD-B299E6BDFCD5}.Release|Any CPU.ActiveCfg = Release|Any CPU
		{8D433BD0-3A92-446A-8DBD-B299E6BDFCD5}.Release|Any CPU.Build.0 = Release|Any CPU
	EndGlobalSection
EndGlobal
